lockfileVersion: '9.0'

settings:
  autoInstallPeers: true
  excludeLinksFromLockfile: false

importers:

  .:
    dependencies:
      computation:
        specifier: ^2.0.0
        version: 2.1.3
    devDependencies:
      '@types/node':
        specifier: ^24.12.0
        version: 24.12.0
      typescript:
        specifier: ^6.0.2
        version: 6.0.2

packages:

  '@types/node@24.12.0':
    resolution: {integrity: sha512-GYDxsZi3ChgmckRT9HPU0WEhKLP08ev/Yfcq2AstjrDASOYCSXeyjDsHg4v5t4jOj7cyDX3vmprafKlWIG9MXQ==}

  computation@2.1.3:
    resolution: {integrity: sha512-oelwNUYbMSm8EsBzjc/R0yfpRMh8hR3bBnP8AXhulKW0iW3Qpgacfmhvi2tVyzcybRfPwM6+dGgsHyHoxxnZtQ==}

  typescript@6.0.2:
    resolution: {integrity: sha512-bGdAIrZ0wiGDo5l8c++HWtbaNCWTS4UTv7RaTH/ThVIgjkveJt83m74bBHMJkuCbslY8ixgLBVZJIOiQlQTjfQ==}
    engines: {node: '>=14.17'}
    hasBin: true

  undici-types@7.16.0:
    resolution: {integrity: sha512-Zz+aZWSj8LE6zoxD+xrjh4VfkIG8Ya6LvYkZqtUQGJPZjYl53ypCaUwWqo7eI0x66KBGeRo+mlBEkMSeSZ38Nw==}

snapshots:

  '@types/node@24.12.0':
    dependencies:
      undici-types: 7.16.0

  computation@2.1.3: {}

  typescript@6.0.2: {}

  undici-types@7.16.0: {}
